
Microsoft Visual Studio Solution File, Format Version 12.00
# Visual Studio Version 17
VisualStudioVersion = 17.14.36429.23 d17.14
MinimumVisualStudioVersion = 10.0.40219.1
Project("{FAE04EC0-301F-11D3-BF4B-00C04F79EFBC}") = "TheGame", "TheGame\TheGame.csproj", "{EA8F4224-226F-4956-A1D1-5632C969A1AD}"
EndProject
Global
	GlobalSection(SolutionConfigurationPlatforms) = preSolution
		Debug|Any CPU = Debug|Any CPU
		Release|Any CPU = Release|Any CPU
	EndGlobalSection
	GlobalSection(ProjectConfigurationPlatforms) = postSolution
		{EA8F4224-226F-4956-A1D1-5632C969A1AD}.Debug|Any CPU.ActiveCfg = Debug|Any CPU
		{EA8F4224-226F-4956-A1D1-5632C969A1AD}.Debug|Any CPU.Build.0 = Debug|Any CPU
		{EA8F4224-226F-4956-A1D1-5632C969A1AD}.Release|Any CPU.ActiveCfg = Release|Any CPU
		{EA8F4224-226F-4956-A1D1-5632C969A1AD}.Release|Any CPU.Build.0 = Release|Any CPU
	EndGlobalSection
	GlobalSection(SolutionProperties) = preSolution
		HideSolutionNode = FALSE
	EndGlobalSection
	GlobalSection(ExtensibilityGlobals) = postSolution
		SolutionGuid = {5AF79CFC-C291-4AA8-94A9-AB0D82C24E3B}
	EndGlobalSection
EndGlobal
